
Microsoft Visual Studio Solution File, Format Version 12.00
# Visual Studio 15
VisualStudioVersion = 15.0.28307.136
MinimumVisualStudioVersion = 10.0.40219.1
Project("{FAE04EC0-301F-11D3-BF4B-00C04F79EFBC}") = "HelloWorldPrism", "HelloWorldPrism\HelloWorldPrism\HelloWorldPrism.csproj", "{36AB3898-9E13-400A-B425-DA6CB1FCAB98}"
EndProject
Project("{FAE04EC0-301F-11D3-BF4B-00C04F79EFBC}") = "HelloWorldPrism.Android", "HelloWorldPrism\HelloWorldPrism.Android\HelloWorldPrism.Android.csproj", "{2ECF7A14-0AA2-4233-94D8-B0CB995C8AEB}"
EndProject
Global
	GlobalSection(SolutionConfigurationPlatforms) = preSolution
		Debug|Any CPU = Debug|Any CPU
		Release|Any CPU = Release|Any CPU
	EndGlobalSection
	GlobalSection(ProjectConfigurationPlatforms) = postSolution
		{36AB3898-9E13-400A-B425-DA6CB1FCAB98}.Debug|Any CPU.ActiveCfg = Debug|Any CPU
		{36AB3898-9E13-400A-B425-DA6CB1FCAB98}.Debug|Any CPU.Build.0 = Debug|Any CPU
		{36AB3898-9E13-400A-B425-DA6CB1FCAB98}.Release|Any CPU.ActiveCfg = Release|Any CPU
		{36AB3898-9E13-400A-B425-DA6CB1FCAB98}.Release|Any CPU.Build.0 = Release|Any CPU
		{2ECF7A14-0AA2-4233-94D8-B0CB995C8AEB}.Debug|Any CPU.ActiveCfg = Debug|Any CPU
		{2ECF7A14-0AA2-4233-94D8-B0CB995C8AEB}.Debug|Any CPU.Build.0 = Debug|Any CPU
		{2ECF7A14-0AA2-4233-94D8-B0CB995C8AEB}.Debug|Any CPU.Deploy.0 = Debug|Any CPU
		{2ECF7A14-0AA2-4233-94D8-B0CB995C8AEB}.Release|Any CPU.ActiveCfg = Release|Any CPU
		{2ECF7A14-0AA2-4233-94D8-B0CB995C8AEB}.Release|Any CPU.Build.0 = Release|Any CPU
		{2ECF7A14-0AA2-4233-94D8-B0CB995C8AEB}.Release|Any CPU.Deploy.0 = Release|Any CPU
	EndGlobalSection
	GlobalSection(SolutionProperties) = preSolution
		HideSolutionNode = FALSE
	EndGlobalSection
	GlobalSection(ExtensibilityGlobals) = postSolution
		SolutionGuid = {C2463B47-B642-4C44-889F-947553115A77}
	EndGlobalSection
EndGlobal
